
Microsoft Visual Studio Solution File, Format Version 12.00
# Visual Studio Version 17
VisualStudioVersion = 17.10.35027.167
MinimumVisualStudioVersion = 10.0.40219.1
Project("{2150E333-8FDC-42A3-9474-1A3956D46DE8}") = "Services", "Services", "{DD01C182-8FF7-43ED-98B9-CB0E25664E21}"
EndProject
Project("{2150E333-8FDC-42A3-9474-1A3956D46DE8}") = "Catalog", "Catalog", "{BC18D45E-339F-43C5-860B-09BD2017E5D6}"
EndProject
Project("{FAE04EC0-301F-11D3-BF4B-00C04F79EFBC}") = "Catalog.API", "Services\Catalog\Catalog.API\Catalog.API.csproj", "{E5C9C735-E5BB-49DB-BA95-3B7C1D34E91F}"
EndProject
Global
	GlobalSection(SolutionConfigurationPlatforms) = preSolution
		Debug|Any CPU = Debug|Any CPU
		Release|Any CPU = Release|Any CPU
	EndGlobalSection
	GlobalSection(ProjectConfigurationPlatforms) = postSolution
		{E5C9C735-E5BB-49DB-BA95-3B7C1D34E91F}.Debug|Any CPU.ActiveCfg = Debug|Any CPU
		{E5C9C735-E5BB-49DB-BA95-3B7C1D34E91F}.Debug|Any CPU.Build.0 = Debug|Any CPU
		{E5C9C735-E5BB-49DB-BA95-3B7C1D34E91F}.Release|Any CPU.ActiveCfg = Release|Any CPU
		{E5C9C735-E5BB-49DB-BA95-3B7C1D34E91F}.Release|Any CPU.Build.0 = Release|Any CPU
	EndGlobalSection
	GlobalSection(SolutionProperties) = preSolution
		HideSolutionNode = FALSE
	EndGlobalSection
	GlobalSection(NestedProjects) = preSolution
		{BC18D45E-339F-43C5-860B-09BD2017E5D6} = {DD01C182-8FF7-43ED-98B9-CB0E25664E21}
		{E5C9C735-E5BB-49DB-BA95-3B7C1D34E91F} = {BC18D45E-339F-43C5-860B-09BD2017E5D6}
	EndGlobalSection
	GlobalSection(ExtensibilityGlobals) = postSolution
		SolutionGuid = {ACA8426F-5CA4-4C7C-8FAF-2691C1361ADC}
	EndGlobalSection
EndGlobal
